
Microsoft Visual Studio Solution File, Format Version 12.00
# Visual Studio 14
VisualStudioVersion = 14.0.25420.1
MinimumVisualStudioVersion = 10.0.40219.1
Project("{FAE04EC0-301F-11D3-BF4B-00C04F79EFBC}") = "GUI_Web", "GUI_Web\GUI_Web.csproj", "{38B16898-BCFF-4FB1-8912-75553DB5EF41}"
EndProject
Global
	GlobalSection(SolutionConfigurationPlatforms) = preSolution
		Debug|Any CPU = Debug|Any CPU
		Release|Any CPU = Release|Any CPU
	EndGlobalSection
	GlobalSection(ProjectConfigurationPlatforms) = postSolution
		{38B16898-BCFF-4FB1-8912-75553DB5EF41}.Debug|Any CPU.ActiveCfg = Debug|Any CPU
		{38B16898-BCFF-4FB1-8912-75553DB5EF41}.Debug|Any CPU.Build.0 = Debug|Any CPU
		{38B16898-BCFF-4FB1-8912-75553DB5EF41}.Release|Any CPU.ActiveCfg = Release|Any CPU
		{38B16898-BCFF-4FB1-8912-75553DB5EF41}.Release|Any CPU.Build.0 = Release|Any CPU
	EndGlobalSection
	GlobalSection(SolutionProperties) = preSolution
		HideSolutionNode = FALSE
	EndGlobalSection
EndGlobal
